
Microsoft Visual Studio Solution File, Format Version 12.00
# Visual Studio 14
VisualStudioVersion = 14.0.25420.1
MinimumVisualStudioVersion = 10.0.40219.1
Project("{FAE04EC0-301F-11D3-BF4B-00C04F79EFBC}") = "AIARollingDates", "AIARollingDates\AIARollingDates.csproj", "{BB06B2D7-3828-4D9D-92FF-9521F8C956EF}"
EndProject
Project("{FAE04EC0-301F-11D3-BF4B-00C04F79EFBC}") = "AIADateParts", "AIADateParts\AIADateParts.csproj", "{4F40210A-3072-43AF-962A-094388EDCDD8}"
EndProject
Project("{FAE04EC0-301F-11D3-BF4B-00C04F79EFBC}") = "AIARevenueQuery", "AIARevenueQuery\AIARevenueQuery.csproj", "{AA6FDC3D-2079-4F79-A79D-60CDD044655A}"
EndProject
Project("{FAE04EC0-301F-11D3-BF4B-00C04F79EFBC}") = "AIAUtilities", "AIAUtilities\AIAUtilities.csproj", "{BE275BCB-FC7A-42C1-8C5F-D0BE319FFDC8}"
EndProject
Project("{FAE04EC0-301F-11D3-BF4B-00C04F79EFBC}") = "AIAConstituentQuery", "AIAConstituentQuery\AIAConstituentQuery.csproj", "{4D476714-84FF-498D-9599-9D4448822624}"
EndProject
Global
	GlobalSection(SolutionConfigurationPlatforms) = preSolution
		Debug|Any CPU = Debug|Any CPU
		Release|Any CPU = Release|Any CPU
	EndGlobalSection
	GlobalSection(ProjectConfigurationPlatforms) = postSolution
		{BB06B2D7-3828-4D9D-92FF-9521F8C956EF}.Debug|Any CPU.ActiveCfg = Debug|Any CPU
		{BB06B2D7-3828-4D9D-92FF-9521F8C956EF}.Debug|Any CPU.Build.0 = Debug|Any CPU
		{BB06B2D7-3828-4D9D-92FF-9521F8C956EF}.Release|Any CPU.ActiveCfg = Release|Any CPU
		{BB06B2D7-3828-4D9D-92FF-9521F8C956EF}.Release|Any CPU.Build.0 = Release|Any CPU
		{4F40210A-3072-43AF-962A-094388EDCDD8}.Debug|Any CPU.ActiveCfg = Debug|Any CPU
		{4F40210A-3072-43AF-962A-094388EDCDD8}.Debug|Any CPU.Build.0 = Debug|Any CPU
		{4F40210A-3072-43AF-962A-094388EDCDD8}.Release|Any CPU.ActiveCfg = Release|Any CPU
		{4F40210A-3072-43AF-962A-094388EDCDD8}.Release|Any CPU.Build.0 = Release|Any CPU
		{AA6FDC3D-2079-4F79-A79D-60CDD044655A}.Debug|Any CPU.ActiveCfg = Debug|Any CPU
		{AA6FDC3D-2079-4F79-A79D-60CDD044655A}.Debug|Any CPU.Build.0 = Debug|Any CPU
		{AA6FDC3D-2079-4F79-A79D-60CDD044655A}.Release|Any CPU.ActiveCfg = Release|Any CPU
		{AA6FDC3D-2079-4F79-A79D-60CDD044655A}.Release|Any CPU.Build.0 = Release|Any CPU
		{BE275BCB-FC7A-42C1-8C5F-D0BE319FFDC8}.Debug|Any CPU.ActiveCfg = Debug|Any CPU
		{BE275BCB-FC7A-42C1-8C5F-D0BE319FFDC8}.Debug|Any CPU.Build.0 = Debug|Any CPU
		{BE275BCB-FC7A-42C1-8C5F-D0BE319FFDC8}.Release|Any CPU.ActiveCfg = Release|Any CPU
		{BE275BCB-FC7A-42C1-8C5F-D0BE319FFDC8}.Release|Any CPU.Build.0 = Release|Any CPU
		{4D476714-84FF-498D-9599-9D4448822624}.Debug|Any CPU.ActiveCfg = Debug|Any CPU
		{4D476714-84FF-498D-9599-9D4448822624}.Debug|Any CPU.Build.0 = Debug|Any CPU
		{4D476714-84FF-498D-9599-9D4448822624}.Release|Any CPU.ActiveCfg = Release|Any CPU
		{4D476714-84FF-498D-9599-9D4448822624}.Release|Any CPU.Build.0 = Release|Any CPU
	EndGlobalSection
	GlobalSection(SolutionProperties) = preSolution
		HideSolutionNode = FALSE
	EndGlobalSection
EndGlobal
